// !$*UTF8*$!
{
	archiveVersion = 1;
	classes = {
	};
	objectVersion = 56;
	objects = {

/* Begin PBXBuildFile section */
		2A3BB3D22AFA3D12004D47D3 /* FlashcardApp.swift in Sources */ = {isa = PBXBuildFile; fileRef = 2A3BB3D12AFA3D12004D47D3 /* FlashcardApp.swift */; };
		2A3BB3D42AFA3D12004D47D3 /* ContentView.swift in Sources */ = {isa = PBXBuildFile; fileRef = 2A3BB3D32AFA3D12004D47D3 /* ContentView.swift */; };
		2A3BB3D62AFA3D13004D47D3 /* Assets.xcassets in Resources */ = {isa = PBXBuildFile; fileRef = 2A3BB3D52AFA3D13004D47D3 /* Assets.xcassets */; };
		2A3BB3DA2AFA3D13004D47D3 /* Preview Assets.xcassets in Resources */ = {isa = PBXBuildFile; fileRef = 2A3BB3D92AFA3D13004D47D3 /* Preview Assets.xcassets */; };
		2A3BB3E42AFA3D13004D47D3 /* FlashcardTests.swift in Sources */ = {isa = PBXBuildFile; fileRef = 2A3BB3E32AFA3D13004D47D3 /* FlashcardTests.swift */; };
		2A3BB3EE2AFA3D13004D47D3 /* FlashcardUITests.swift in Sources */ = {isa = PBXBuildFile; fileRef = 2A3BB3ED2AFA3D13004D47D3 /* FlashcardUITests.swift */; };
		2A3BB3F02AFA3D13004D47D3 /* FlashcardUITestsLaunchTests.swift in Sources */ = {isa = PBXBuildFile; fileRef = 2A3BB3EF2AFA3D13004D47D3 /* FlashcardUITestsLaunchTests.swift */; };
		2A3BB3FD2AFA3D86004D47D3 /* FlashcardCreationView.swift in Sources */ = {isa = PBXBuildFile; fileRef = 2A3BB3FC2AFA3D86004D47D3 /* FlashcardCreationView.swift */; };
		2A3BB3FF2AFA3DD6004D47D3 /* ViewModel.swift in Sources */ = {isa = PBXBuildFile; fileRef = 2A3BB3FE2AFA3DD6004D47D3 /* ViewModel.swift */; };
		2A3BB4012AFA3ECF004D47D3 /* MyCardsView.swift in Sources */ = {isa = PBXBuildFile; fileRef = 2A3BB4002AFA3ECF004D47D3 /* MyCardsView.swift */; };
		2A3BB4032AFA3F37004D47D3 /* QuizView.swift in Sources */ = {isa = PBXBuildFile; fileRef = 2A3BB4022AFA3F37004D47D3 /* QuizView.swift */; };
		2A3BB4052AFA3F71004D47D3 /* FlashcardView.swift in Sources */ = {isa = PBXBuildFile; fileRef = 2A3BB4042AFA3F71004D47D3 /* FlashcardView.swift */; };
/* End PBXBuildFile section */

/* Begin PBXContainerItemProxy section */
		2A3BB3E02AFA3D13004D47D3 /* PBXContainerItemProxy */ = {
			isa = PBXContainerItemProxy;
			containerPortal = 2A3BB3C62AFA3D12004D47D3 /* Project object */;
			proxyType = 1;
			remoteGlobalIDString = 2A3BB3CD2AFA3D12004D47D3;
			remoteInfo = Flashcard;
		};
		2A3BB3EA2AFA3D13004D47D3 /* PBXContainerItemProxy */ = {
			isa = PBXContainerItemProxy;
			containerPortal = 2A3BB3C62AFA3D12004D47D3 /* Project object */;
			proxyType = 1;
			remoteGlobalIDString = 2A3BB3CD2AFA3D12004D47D3;
			remoteInfo = Flashcard;
		};
/* End PBXContainerItemProxy section */

/* Begin PBXFileReference section */
		2A3BB3CE2AFA3D12004D47D3 /* Flashcard.app */ = {isa = PBXFileReference; explicitFileType = wrapper.application; includeInIndex = 0; path = Flashcard.app; sourceTree = BUILT_PRODUCTS_DIR; };
		2A3BB3D12AFA3D12004D47D3 /* FlashcardApp.swift */ = {isa = PBXFileReference; lastKnownFileType = sourcecode.swift; path = FlashcardApp.swift; sourceTree = "<group>"; };
		2A3BB3D32AFA3D12004D47D3 /* ContentView.swift */ = {isa = PBXFileReference; lastKnownFileType = sourcecode.swift; path = ContentView.swift; sourceTree = "<group>"; };
		2A3BB3D52AFA3D13004D47D3 /* Assets.xcassets */ = {isa = PBXFileReference; lastKnownFileType = folder.assetcatalog; path = Assets.xcassets; sourceTree = "<group>"; };
		2A3BB3D72AFA3D13004D47D3 /* Flashcard.entitlements */ = {isa = PBXFileReference; lastKnownFileType = text.plist.entitlements; path = Flashcard.entitlements; sourceTree = "<group>"; };
		2A3BB3D92AFA3D13004D47D3 /* Preview Assets.xcassets */ = {isa = PBXFileReference; lastKnownFileType = folder.assetcatalog; path = "Preview Assets.xcassets"; sourceTree = "<group>"; };
		2A3BB3DF2AFA3D13004D47D3 /* FlashcardTests.xctest */ = {isa = PBXFileReference; explicitFileType = wrapper.cfbundle; includeInIndex = 0; path = FlashcardTests.xctest; sourceTree = BUILT_PRODUCTS_DIR; };
		2A3BB3E32AFA3D13004D47D3 /* FlashcardTests.swift */ = {isa = PBXFileReference; lastKnownFileType = sourcecode.swift; path = FlashcardTests.swift; sourceTree = "<group>"; };
		2A3BB3E92AFA3D13004D47D3 /* FlashcardUITests.xctest */ = {isa = PBXFileReference; explicitFileType = wrapper.cfbundle; includeInIndex = 0; path = FlashcardUITests.xctest; sourceTree = BUILT_PRODUCTS_DIR; };
		2A3BB3ED2AFA3D13004D47D3 /* FlashcardUITests.swift */ = {isa = PBXFileReference; lastKnownFileType = sourcecode.swift; path = FlashcardUITests.swift; sourceTree = "<group>"; };
		2A3BB3EF2AFA3D13004D47D3 /* FlashcardUITestsLaunchTests.swift */ = {isa = PBXFileReference; lastKnownFileType = sourcecode.swift; path = FlashcardUITestsLaunchTests.swift; sourceTree = "<group>"; };
		2A3BB3FC2AFA3D86004D47D3 /* FlashcardCreationView.swift */ = {isa = PBXFileReference; lastKnownFileType = sourcecode.swift; path = FlashcardCreationView.swift; sourceTree = "<group>"; };
		2A3BB3FE2AFA3DD6004D47D3 /* ViewModel.swift */ = {isa = PBXFileReference; lastKnownFileType = sourcecode.swift; path = ViewModel.swift; sourceTree = "<group>"; };
		2A3BB4002AFA3ECF004D47D3 /* MyCardsView.swift */ = {isa = PBXFileReference; lastKnownFileType = sourcecode.swift; path = MyCardsView.swift; sourceTree = "<group>"; };
		2A3BB4022AFA3F37004D47D3 /* QuizView.swift */ = {isa = PBXFileReference; lastKnownFileType = sourcecode.swift; path = QuizView.swift; sourceTree = "<group>"; };
		2A3BB4042AFA3F71004D47D3 /* FlashcardView.swift */ = {isa = PBXFileReference; lastKnownFileType = sourcecode.swift; path = FlashcardView.swift; sourceTree = "<group>"; };
/* End PBXFileReference section */

/* Begin PBXFrameworksBuildPhase section */
		2A3BB3CB2AFA3D12004D47D3 /* Frameworks */ = {
			isa = PBXFrameworksBuildPhase;
			buildActionMask = 2147483647;
			files = (
			);
			runOnlyForDeploymentPostprocessing = 0;
		};
		2A3BB3DC2AFA3D13004D47D3 /* Frameworks */ = {
			isa = PBXFrameworksBuildPhase;
			buildActionMask = 2147483647;
			files = (
			);
			runOnlyForDeploymentPostprocessing = 0;
		};
		2A3BB3E62AFA3D13004D47D3 /* Frameworks */ = {
			isa = PBXFrameworksBuildPhase;
			buildActionMask = 2147483647;
			files = (
			);
			runOnlyForDeploymentPostprocessing = 0;
		};
/* End PBXFrameworksBuildPhase section */

/* Begin PBXGroup section */
		2A3BB3C52AFA3D12004D47D3 = {
			isa = PBXGroup;
			children = (
				2A3BB3D02AFA3D12004D47D3 /* Flashcard */,
				2A3BB3E22AFA3D13004D47D3 /* FlashcardTests */,
				2A3BB3EC2AFA3D13004D47D3 /* FlashcardUITests */,
				2A3BB3CF2AFA3D12004D47D3 /* Products */,
			);
			sourceTree = "<group>";
		};
		2A3BB3CF2AFA3D12004D47D3 /* Products */ = {
			isa = PBXGroup;
			children = (
				2A3BB3CE2AFA3D12004D47D3 /* Flashcard.app */,
				2A3BB3DF2AFA3D13004D47D3 /* FlashcardTests.xctest */,
				2A3BB3E92AFA3D13004D47D3 /* FlashcardUITests.xctest */,
			);
			name = Products;
			sourceTree = "<group>";
		};
		2A3BB3D02AFA3D12004D47D3 /* Flashcard */ = {
			isa = PBXGroup;
			children = (
				2A3BB3D12AFA3D12004D47D3 /* FlashcardApp.swift */,
				2A3BB3D32AFA3D12004D47D3 /* ContentView.swift */,
				2A3BB4002AFA3ECF004D47D3 /* MyCardsView.swift */,
				2A3BB4022AFA3F37004D47D3 /* QuizView.swift */,
				2A3BB4042AFA3F71004D47D3 /* FlashcardView.swift */,
				2A3BB3FC2AFA3D86004D47D3 /* FlashcardCreationView.swift */,
				2A3BB3FE2AFA3DD6004D47D3 /* ViewModel.swift */,
				2A3BB3D52AFA3D13004D47D3 /* Assets.xcassets */,
				2A3BB3D72AFA3D13004D47D3 /* Flashcard.entitlements */,
				2A3BB3D82AFA3D13004D47D3 /* Preview Content */,
			);
			path = Flashcard;
			sourceTree = "<group>";
		};
		2A3BB3D82AFA3D13004D47D3 /* Preview Content */ = {
			isa = PBXGroup;
			children = (
				2A3BB3D92AFA3D13004D47D3 /* Preview Assets.xcassets */,
			);
			path = "Preview Content";
			sourceTree = "<group>";
		};
		2A3BB3E22AFA3D13004D47D3 /* FlashcardTests */ = {
			isa = PBXGroup;
			children = (
				2A3BB3E32AFA3D13004D47D3 /* FlashcardTests.swift */,
			);
			path = FlashcardTests;
			sourceTree = "<group>";
		};
		2A3BB3EC2AFA3D13004D47D3 /* FlashcardUITests */ = {
			isa = PBXGroup;
			children = (
				2A3BB3ED2AFA3D13004D47D3 /* FlashcardUITests.swift */,
				2A3BB3EF2AFA3D13004D47D3 /* FlashcardUITestsLaunchTests.swift */,
			);
			path = FlashcardUITests;
			sourceTree = "<group>";
		};
/* End PBXGroup section */

/* Begin PBXNativeTarget section */
		2A3BB3CD2AFA3D12004D47D3 /* Flashcard */ = {
			isa = PBXNativeTarget;
			buildConfigurationList = 2A3BB3F32AFA3D13004D47D3 /* Build configuration list for PBXNativeTarget "Flashcard" */;
			buildPhases = (
				2A3BB3CA2AFA3D12004D47D3 /* Sources */,
				2A3BB3CB2AFA3D12004D47D3 /* Frameworks */,
				2A3BB3CC2AFA3D12004D47D3 /* Resources */,
			);
			buildRules = (
			);
			dependencies = (
			);
			name = Flashcard;
			productName = Flashcard;
			productReference = 2A3BB3CE2AFA3D12004D47D3 /* Flashcard.app */;
			productType = "com.apple.product-type.application";
		};
		2A3BB3DE2AFA3D13004D47D3 /* FlashcardTests */ = {
			isa = PBXNativeTarget;
			buildConfigurationList = 2A3BB3F62AFA3D13004D47D3 /* Build configuration list for PBXNativeTarget "FlashcardTests" */;
			buildPhases = (
				2A3BB3DB2AFA3D13004D47D3 /* Sources */,
				2A3BB3DC2AFA3D13004D47D3 /* Frameworks */,
				2A3BB3DD2AFA3D13004D47D3 /* Resources */,
			);
			buildRules = (
			);
			dependencies = (
				2A3BB3E12AFA3D13004D47D3 /* PBXTargetDependency */,
			);
			name = FlashcardTests;
			productName = FlashcardTests;
			productReference = 2A3BB3DF2AFA3D13004D47D3 /* FlashcardTests.xctest */;
			productType = "com.apple.product-type.bundle.unit-test";
		};
		2A3BB3E82AFA3D13004D47D3 /* FlashcardUITests */ = {
			isa = PBXNativeTarget;
			buildConfigurationList = 2A3BB3F92AFA3D13004D47D3 /* Build configuration list for PBXNativeTarget "FlashcardUITests" */;
			buildPhases = (
				2A3BB3E52AFA3D13004D47D3 /* Sources */,
				2A3BB3E62AFA3D13004D47D3 /* Frameworks */,
				2A3BB3E72AFA3D13004D47D3 /* Resources */,
			);
			buildRules = (
			);
			dependencies = (
				2A3BB3EB2AFA3D13004D47D3 /* PBXTargetDependency */,
			);
			name = FlashcardUITests;
			productName = FlashcardUITests;
			productReference = 2A3BB3E92AFA3D13004D47D3 /* FlashcardUITests.xctest */;
			productType = "com.apple.product-type.bundle.ui-testing";
		};
/* End PBXNativeTarget section */

/* Begin PBXProject section */
		2A3BB3C62AFA3D12004D47D3 /* Project object */ = {
			isa = PBXProject;
			attributes = {
				BuildIndependentTargetsInParallel = 1;
				LastSwiftUpdateCheck = 1500;
				LastUpgradeCheck = 1500;
				TargetAttributes = {
					2A3BB3CD2AFA3D12004D47D3 = {
						CreatedOnToolsVersion = 15.0.1;
					};
					2A3BB3DE2AFA3D13004D47D3 = {
						CreatedOnToolsVersion = 15.0.1;
						TestTargetID = 2A3BB3CD2AFA3D12004D47D3;
					};
					2A3BB3E82AFA3D13004D47D3 = {
						CreatedOnToolsVersion = 15.0.1;
						TestTargetID = 2A3BB3CD2AFA3D12004D47D3;
					};
				};
			};
			buildConfigurationList = 2A3BB3C92AFA3D12004D47D3 /* Build configuration list for PBXProject "Flashcard" */;
			compatibilityVersion = "Xcode 14.0";
			developmentRegion = en;
			hasScannedForEncodings = 0;
			knownRegions = (
				en,
				Base,
			);
			mainGroup = 2A3BB3C52AFA3D12004D47D3;
			productRefGroup = 2A3BB3CF2AFA3D12004D47D3 /* Products */;
			projectDirPath = "";
			projectRoot = "";
			targets = (
				2A3BB3CD2AFA3D12004D47D3 /* Flashcard */,
				2A3BB3DE2AFA3D13004D47D3 /* FlashcardTests */,
				2A3BB3E82AFA3D13004D47D3 /* FlashcardUITests */,
			);
		};
/* End PBXProject section */

/* Begin PBXResourcesBuildPhase section */
		2A3BB3CC2AFA3D12004D47D3 /* Resources */ = {
			isa = PBXResourcesBuildPhase;
			buildActionMask = 2147483647;
			files = (
				2A3BB3DA2AFA3D13004D47D3 /* Preview Assets.xcassets in Resources */,
				2A3BB3D62AFA3D13004D47D3 /* Assets.xcassets in Resources */,
			);
			runOnlyForDeploymentPostprocessing = 0;
		};
		2A3BB3DD2AFA3D13004D47D3 /* Resources */ = {
			isa = PBXResourcesBuildPhase;
			buildActionMask = 2147483647;
			files = (
			);
			runOnlyForDeploymentPostprocessing = 0;
		};
		2A3BB3E72AFA3D13004D47D3 /* Resources */ = {
			isa = PBXResourcesBuildPhase;
			buildActionMask = 2147483647;
			files = (
			);
			runOnlyForDeploymentPostprocessing = 0;
		};
/* End PBXResourcesBuildPhase section */

/* Begin PBXSourcesBuildPhase section */
		2A3BB3CA2AFA3D12004D47D3 /* Sources */ = {
			isa = PBXSourcesBuildPhase;
			buildActionMask = 2147483647;
			files = (
				2A3BB3D42AFA3D12004D47D3 /* ContentView.swift in Sources */,
				2A3BB3D22AFA3D12004D47D3 /* FlashcardApp.swift in Sources */,
				2A3BB4012AFA3ECF004D47D3 /* MyCardsView.swift in Sources */,
				2A3BB3FF2AFA3DD6004D47D3 /* ViewModel.swift in Sources */,
				2A3BB3FD2AFA3D86004D47D3 /* FlashcardCreationView.swift in Sources */,
				2A3BB4052AFA3F71004D47D3 /* FlashcardView.swift in Sources */,
				2A3BB4032AFA3F37004D47D3 /* QuizView.swift in Sources */,
			);
			runOnlyForDeploymentPostprocessing = 0;
		};
		2A3BB3DB2AFA3D13004D47D3 /* Sources */ = {
			isa = PBXSourcesBuildPhase;
			buildActionMask = 2147483647;
			files = (
				2A3BB3E42AFA3D13004D47D3 /* FlashcardTests.swift in Sources */,
			);
			runOnlyForDeploymentPostprocessing = 0;
		};
		2A3BB3E52AFA3D13004D47D3 /* Sources */ = {
			isa = PBXSourcesBuildPhase;
			buildActionMask = 2147483647;
			files = (
				2A3BB3EE2AFA3D13004D47D3 /* FlashcardUITests.swift in Sources */,
				2A3BB3F02AFA3D13004D47D3 /* FlashcardUITestsLaunchTests.swift in Sources */,
			);
			runOnlyForDeploymentPostprocessing = 0;
		};
/* End PBXSourcesBuildPhase section */

/* Begin PBXTargetDependency section */
		2A3BB3E12AFA3D13004D47D3 /* PBXTargetDependency */ = {
			isa = PBXTargetDependency;
			target = 2A3BB3CD2AFA3D12004D47D3 /* Flashcard */;
			targetProxy = 2A3BB3E02AFA3D13004D47D3 /* PBXContainerItemProxy */;
		};
		2A3BB3EB2AFA3D13004D47D3 /* PBXTargetDependency */ = {
			isa = PBXTargetDependency;
			target = 2A3BB3CD2AFA3D12004D47D3 /* Flashcard */;
			targetProxy = 2A3BB3EA2AFA3D13004D47D3 /* PBXContainerItemProxy */;
		};
/* End PBXTargetDependency section */

/* Begin XCBuildConfiguration section */
		2A3BB3F12AFA3D13004D47D3 /* Debug */ = {
			isa = XCBuildConfiguration;
			buildSettings = {
				ALWAYS_SEARCH_USER_PATHS = NO;
				ASSETCATALOG_COMPILER_GENERATE_SWIFT_ASSET_SYMBOL_EXTENSIONS = YES;
				CLANG_ANALYZER_NONNULL = YES;
				CLANG_ANALYZER_NUMBER_OBJECT_CONVERSION = YES_AGGRESSIVE;
				CLANG_CXX_LANGUAGE_STANDARD = "gnu++20";
				CLANG_ENABLE_MODULES = YES;
				CLANG_ENABLE_OBJC_ARC = YES;
				CLANG_ENABLE_OBJC_WEAK = YES;
				CLANG_WARN_BLOCK_CAPTURE_AUTORELEASING = YES;
				CLANG_WARN_BOOL_CONVERSION = YES;
				CLANG_WARN_COMMA = YES;
				CLANG_WARN_CONSTANT_CONVERSION = YES;
				CLANG_WARN_DEPRECATED_OBJC_IMPLEMENTATIONS = YES;
				CLANG_WARN_DIRECT_OBJC_ISA_USAGE = YES_ERROR;
				CLANG_WARN_DOCUMENTATION_COMMENTS = YES;
				CLANG_WARN_EMPTY_BODY = YES;
				CLANG_WARN_ENUM_CONVERSION = YES;
				CLANG_WARN_INFINITE_RECURSION = YES;
				CLANG_WARN_INT_CONVERSION = YES;
				CLANG_WARN_NON_LITERAL_NULL_CONVERSION = YES;
				CLANG_WARN_OBJC_IMPLICIT_RETAIN_SELF = YES;
				CLANG_WARN_OBJC_LITERAL_CONVERSION = YES;
				CLANG_WARN_OBJC_ROOT_CLASS = YES_ERROR;
				CLANG_WARN_QUOTED_INCLUDE_IN_FRAMEWORK_HEADER = YES;
				CLANG_WARN_RANGE_LOOP_ANALYSIS = YES;
				CLANG_WARN_STRICT_PROTOTYPES = YES;
				CLANG_WARN_SUSPICIOUS_MOVE = YES;
				CLANG_WARN_UNGUARDED_AVAILABILITY = YES_AGGRESSIVE;
				CLANG_WARN_UNREACHABLE_CODE = YES;
				CLANG_WARN__DUPLICATE_METHOD_MATCH = YES;
				COPY_PHASE_STRIP = NO;
				DEBUG_INFORMATION_FORMAT = dwarf;
				ENABLE_STRICT_OBJC_MSGSEND = YES;
				ENABLE_TESTABILITY = YES;
				ENABLE_USER_SCRIPT_SANDBOXING = YES;
				GCC_C_LANGUAGE_STANDARD = gnu17;
				GCC_DYNAMIC_NO_PIC = NO;
				GCC_NO_COMMON_BLOCKS = YES;
				GCC_OPTIMIZATION_LEVEL = 0;
				GCC_PREPROCESSOR_DEFINITIONS = (
					"DEBUG=1",
					"$(inherited)",
				);
				GCC_WARN_64_TO_32_BIT_CONVERSION = YES;
				GCC_WARN_ABOUT_RETURN_TYPE = YES_ERROR;
				GCC_WARN_UNDECLARED_SELECTOR = YES;
				GCC_WARN_UNINITIALIZED_AUTOS = YES_AGGRESSIVE;
				GCC_WARN_UNUSED_FUNCTION = YES;
				GCC_WARN_UNUSED_VARIABLE = YES;
				LOCALIZATION_PREFERS_STRING_CATALOGS = YES;
				MTL_ENABLE_DEBUG_INFO = INCLUDE_SOURCE;
				MTL_FAST_MATH = YES;
				ONLY_ACTIVE_ARCH = YES;
				SWIFT_ACTIVE_COMPILATION_CONDITIONS = "DEBUG $(inherited)";
				SWIFT_OPTIMIZATION_LEVEL = "-Onone";
			};
			name = Debug;
		};
		2A3BB3F22AFA3D13004D47D3 /* Release */ = {
			isa = XCBuildConfiguration;
			buildSettings = {
				ALWAYS_SEARCH_USER_PATHS = NO;
				ASSETCATALOG_COMPILER_GENERATE_SWIFT_ASSET_SYMBOL_EXTENSIONS = YES;
				CLANG_ANALYZER_NONNULL = YES;
				CLANG_ANALYZER_NUMBER_OBJECT_CONVERSION = YES_AGGRESSIVE;
				CLANG_CXX_LANGUAGE_STANDARD = "gnu++20";
				CLANG_ENABLE_MODULES = YES;
				CLANG_ENABLE_OBJC_ARC = YES;
				CLANG_ENABLE_OBJC_WEAK = YES;
				CLANG_WARN_BLOCK_CAPTURE_AUTORELEASING = YES;
				CLANG_WARN_BOOL_CONVERSION = YES;
				CLANG_WARN_COMMA = YES;
				CLANG_WARN_CONSTANT_CONVERSION = YES;
				CLANG_WARN_DEPRECATED_OBJC_IMPLEMENTATIONS = YES;
				CLANG_WARN_DIRECT_OBJC_ISA_USAGE = YES_ERROR;
				CLANG_WARN_DOCUMENTATION_COMMENTS = YES;
				CLANG_WARN_EMPTY_BODY = YES;
				CLANG_WARN_ENUM_CONVERSION = YES;
				CLANG_WARN_INFINITE_RECURSION = YES;
				CLANG_WARN_INT_CONVERSION = YES;
				CLANG_WARN_NON_LITERAL_NULL_CONVERSION = YES;
				CLANG_WARN_OBJC_IMPLICIT_RETAIN_SELF = YES;
				CLANG_WARN_OBJC_LITERAL_CONVERSION = YES;
				CLANG_WARN_OBJC_ROOT_CLASS = YES_ERROR;
				CLANG_WARN_QUOTED_INCLUDE_IN_FRAMEWORK_HEADER = YES;
				CLANG_WARN_RANGE_LOOP_ANALYSIS = YES;
				CLANG_WARN_STRICT_PROTOTYPES = YES;
				CLANG_WARN_SUSPICIOUS_MOVE = YES;
				CLANG_WARN_UNGUARDED_AVAILABILITY = YES_AGGRESSIVE;
				CLANG_WARN_UNREACHABLE_CODE = YES;
				CLANG_WARN__DUPLICATE_METHOD_MATCH = YES;
				COPY_PHASE_STRIP = NO;
				DEBUG_INFORMATION_FORMAT = "dwarf-with-dsym";
				ENABLE_NS_ASSERTIONS = NO;
				ENABLE_STRICT_OBJC_MSGSEND = YES;
				ENABLE_USER_SCRIPT_SANDBOXING = YES;
				GCC_C_LANGUAGE_STANDARD = gnu17;
				GCC_NO_COMMON_BLOCKS = YES;
				GCC_WARN_64_TO_32_BIT_CONVERSION = YES;
				GCC_WARN_ABOUT_RETURN_TYPE = YES_ERROR;
				GCC_WARN_UNDECLARED_SELECTOR = YES;
				GCC_WARN_UNINITIALIZED_AUTOS = YES_AGGRESSIVE;
				GCC_WARN_UNUSED_FUNCTION = YES;
				GCC_WARN_UNUSED_VARIABLE = YES;
				LOCALIZATION_PREFERS_STRING_CATALOGS = YES;
				MTL_ENABLE_DEBUG_INFO = NO;
				MTL_FAST_MATH = YES;
				SWIFT_COMPILATION_MODE = wholemodule;
			};
			name = Release;
		};
		2A3BB3F42AFA3D13004D47D3 /* Debug */ = {
			isa = XCBuildConfiguration;
			buildSettings = {
				ASSETCATALOG_COMPILER_APPICON_NAME = AppIcon;
				ASSETCATALOG_COMPILER_GLOBAL_ACCENT_COLOR_NAME = AccentColor;
				CODE_SIGN_ENTITLEMENTS = Flashcard/Flashcard.entitlements;
				CODE_SIGN_STYLE = Automatic;
				CURRENT_PROJECT_VERSION = 1;
				DEVELOPMENT_ASSET_PATHS = "\"Flashcard/Preview Content\"";
				ENABLE_PREVIEWS = YES;
				GENERATE_INFOPLIST_FILE = YES;
				"INFOPLIST_KEY_UIApplicationSceneManifest_Generation[sdk=iphoneos*]" = YES;
				"INFOPLIST_KEY_UIApplicationSceneManifest_Generation[sdk=iphonesimulator*]" = YES;
				"INFOPLIST_KEY_UIApplicationSupportsIndirectInputEvents[sdk=iphoneos*]" = YES;
				"INFOPLIST_KEY_UIApplicationSupportsIndirectInputEvents[sdk=iphonesimulator*]" = YES;
				"INFOPLIST_KEY_UILaunchScreen_Generation[sdk=iphoneos*]" = YES;
				"INFOPLIST_KEY_UILaunchScreen_Generation[sdk=iphonesimulator*]" = YES;
				"INFOPLIST_KEY_UIStatusBarStyle[sdk=iphoneos*]" = UIStatusBarStyleDefault;
				"INFOPLIST_KEY_UIStatusBarStyle[sdk=iphonesimulator*]" = UIStatusBarStyleDefault;
				INFOPLIST_KEY_UISupportedInterfaceOrientations_iPad = "UIInterfaceOrientationPortrait UIInterfaceOrientationPortraitUpsideDown UIInterfaceOrientationLandscapeLeft UIInterfaceOrientationLandscapeRight";
				INFOPLIST_KEY_UISupportedInterfaceOrientations_iPhone = "UIInterfaceOrientationPortrait UIInterfaceOrientationLandscapeLeft UIInterfaceOrientationLandscapeRight";
				IPHONEOS_DEPLOYMENT_TARGET = 17.0;
				LD_RUNPATH_SEARCH_PATHS = "@executable_path/Frameworks";
				"LD_RUNPATH_SEARCH_PATHS[sdk=macosx*]" = "@executable_path/../Frameworks";
				MARKETING_VERSION = 1.0;
				PRODUCT_BUNDLE_IDENTIFIER = bkl.Flashcard;
				PRODUCT_NAME = "$(TARGET_NAME)";
				SDKROOT = auto;
				SUPPORTED_PLATFORMS = "iphoneos iphonesimulator";
				SUPPORTS_MACCATALYST = NO;
				SWIFT_EMIT_LOC_STRINGS = YES;
				SWIFT_VERSION = 5.0;
				TARGETED_DEVICE_FAMILY = 1;
			};
			name = Debug;
		};
		2A3BB3F52AFA3D13004D47D3 /* Release */ = {
			isa = XCBuildConfiguration;
			buildSettings = {
				ASSETCATALOG_COMPILER_APPICON_NAME = AppIcon;
				ASSETCATALOG_COMPILER_GLOBAL_ACCENT_COLOR_NAME = AccentColor;
				CODE_SIGN_ENTITLEMENTS = Flashcard/Flashcard.entitlements;
				CODE_SIGN_STYLE = Automatic;
				CURRENT_PROJECT_VERSION = 1;
				DEVELOPMENT_ASSET_PATHS = "\"Flashcard/Preview Content\"";
				ENABLE_PREVIEWS = YES;
				GENERATE_INFOPLIST_FILE = YES;
				"INFOPLIST_KEY_UIApplicationSceneManifest_Generation[sdk=iphoneos*]" = YES;
				"INFOPLIST_KEY_UIApplicationSceneManifest_Generation[sdk=iphonesimulator*]" = YES;
				"INFOPLIST_KEY_UIApplicationSupportsIndirectInputEvents[sdk=iphoneos*]" = YES;
				"INFOPLIST_KEY_UIApplicationSupportsIndirectInputEvents[sdk=iphonesimulator*]" = YES;
				"INFOPLIST_KEY_UILaunchScreen_Generation[sdk=iphoneos*]" = YES;
				"INFOPLIST_KEY_UILaunchScreen_Generation[sdk=iphonesimulator*]" = YES;
				"INFOPLIST_KEY_UIStatusBarStyle[sdk=iphoneos*]" = UIStatusBarStyleDefault;
				"INFOPLIST_KEY_UIStatusBarStyle[sdk=iphonesimulator*]" = UIStatusBarStyleDefault;
				INFOPLIST_KEY_UISupportedInterfaceOrientations_iPad = "UIInterfaceOrientationPortrait UIInterfaceOrientationPortraitUpsideDown UIInterfaceOrientationLandscapeLeft UIInterfaceOrientationLandscapeRight";
				INFOPLIST_KEY_UISupportedInterfaceOrientations_iPhone = "UIInterfaceOrientationPortrait UIInterfaceOrientationLandscapeLeft UIInterfaceOrientationLandscapeRight";
				IPHONEOS_DEPLOYMENT_TARGET = 17.0;
				LD_RUNPATH_SEARCH_PATHS = "@executable_path/Frameworks";
				"LD_RUNPATH_SEARCH_PATHS[sdk=macosx*]" = "@executable_path/../Frameworks";
				MARKETING_VERSION = 1.0;
				PRODUCT_BUNDLE_IDENTIFIER = bkl.Flashcard;
				PRODUCT_NAME = "$(TARGET_NAME)";
				SDKROOT = auto;
				SUPPORTED_PLATFORMS = "iphoneos iphonesimulator";
				SUPPORTS_MACCATALYST = NO;
				SWIFT_EMIT_LOC_STRINGS = YES;
				SWIFT_VERSION = 5.0;
				TARGETED_DEVICE_FAMILY = 1;
			};
			name = Release;
		};
		2A3BB3F72AFA3D13004D47D3 /* Debug */ = {
			isa = XCBuildConfiguration;
			buildSettings = {
				ALWAYS_EMBED_SWIFT_STANDARD_LIBRARIES = YES;
				BUNDLE_LOADER = "$(TEST_HOST)";
				CODE_SIGN_STYLE = Automatic;
				CURRENT_PROJECT_VERSION = 1;
				GENERATE_INFOPLIST_FILE = YES;
				IPHONEOS_DEPLOYMENT_TARGET = 17.0;
				MACOSX_DEPLOYMENT_TARGET = 14.0;
				MARKETING_VERSION = 1.0;
				PRODUCT_BUNDLE_IDENTIFIER = bkl.FlashcardTests;
				PRODUCT_NAME = "$(TARGET_NAME)";
				SDKROOT = auto;
				SUPPORTED_PLATFORMS = "iphoneos iphonesimulator macosx";
				SWIFT_EMIT_LOC_STRINGS = NO;
				SWIFT_VERSION = 5.0;
				TARGETED_DEVICE_FAMILY = "1,2";
				TEST_HOST = "$(BUILT_PRODUCTS_DIR)/Flashcard.app/$(BUNDLE_EXECUTABLE_FOLDER_PATH)/Flashcard";
			};
			name = Debug;
		};
		2A3BB3F82AFA3D13004D47D3 /* Release */ = {
			isa = XCBuildConfiguration;
			buildSettings = {
				ALWAYS_EMBED_SWIFT_STANDARD_LIBRARIES = YES;
				BUNDLE_LOADER = "$(TEST_HOST)";
				CODE_SIGN_STYLE = Automatic;
				CURRENT_PROJECT_VERSION = 1;
				GENERATE_INFOPLIST_FILE = YES;
				IPHONEOS_DEPLOYMENT_TARGET = 17.0;
				MACOSX_DEPLOYMENT_TARGET = 14.0;
				MARKETING_VERSION = 1.0;
				PRODUCT_BUNDLE_IDENTIFIER = bkl.FlashcardTests;
				PRODUCT_NAME = "$(TARGET_NAME)";
				SDKROOT = auto;
				SUPPORTED_PLATFORMS = "iphoneos iphonesimulator macosx";
				SWIFT_EMIT_LOC_STRINGS = NO;
				SWIFT_VERSION = 5.0;
				TARGETED_DEVICE_FAMILY = "1,2";
				TEST_HOST = "$(BUILT_PRODUCTS_DIR)/Flashcard.app/$(BUNDLE_EXECUTABLE_FOLDER_PATH)/Flashcard";
			};
			name = Release;
		};
		2A3BB3FA2AFA3D13004D47D3 /* Debug */ = {
			isa = XCBuildConfiguration;
			buildSettings = {
				ALWAYS_EMBED_SWIFT_STANDARD_LIBRARIES = YES;
				CODE_SIGN_STYLE = Automatic;
				CURRENT_PROJECT_VERSION = 1;
				GENERATE_INFOPLIST_FILE = YES;
				IPHONEOS_DEPLOYMENT_TARGET = 17.0;
				MACOSX_DEPLOYMENT_TARGET = 14.0;
				MARKETING_VERSION = 1.0;
				PRODUCT_BUNDLE_IDENTIFIER = bkl.FlashcardUITests;
				PRODUCT_NAME = "$(TARGET_NAME)";
				SDKROOT = auto;
				SUPPORTED_PLATFORMS = "iphoneos iphonesimulator macosx";
				SWIFT_EMIT_LOC_STRINGS = NO;
				SWIFT_VERSION = 5.0;
				TARGETED_DEVICE_FAMILY = "1,2";
				TEST_TARGET_NAME = Flashcard;
			};
			name = Debug;
		};
		2A3BB3FB2AFA3D13004D47D3 /* Release */ = {
			isa = XCBuildConfiguration;
			buildSettings = {
				ALWAYS_EMBED_SWIFT_STANDARD_LIBRARIES = YES;
				CODE_SIGN_STYLE = Automatic;
				CURRENT_PROJECT_VERSION = 1;
				GENERATE_INFOPLIST_FILE = YES;
				IPHONEOS_DEPLOYMENT_TARGET = 17.0;
				MACOSX_DEPLOYMENT_TARGET = 14.0;
				MARKETING_VERSION = 1.0;
				PRODUCT_BUNDLE_IDENTIFIER = bkl.FlashcardUITests;
				PRODUCT_NAME = "$(TARGET_NAME)";
				SDKROOT = auto;
				SUPPORTED_PLATFORMS = "iphoneos iphonesimulator macosx";
				SWIFT_EMIT_LOC_STRINGS = NO;
				SWIFT_VERSION = 5.0;
				TARGETED_DEVICE_FAMILY = "1,2";
				TEST_TARGET_NAME = Flashcard;
			};
			name = Release;
		};
/* End XCBuildConfiguration section */

/* Begin XCConfigurationList section */
		2A3BB3C92AFA3D12004D47D3 /* Build configuration list for PBXProject "Flashcard" */ = {
			isa = XCConfigurationList;
			buildConfigurations = (
				2A3BB3F12AFA3D13004D47D3 /* Debug */,
				2A3BB3F22AFA3D13004D47D3 /* Release */,
			);
			defaultConfigurationIsVisible = 0;
			defaultConfigurationName = Release;
		};
		2A3BB3F32AFA3D13004D47D3 /* Build configuration list for PBXNativeTarget "Flashcard" */ = {
			isa = XCConfigurationList;
			buildConfigurations = (
				2A3BB3F42AFA3D13004D47D3 /* Debug */,
				2A3BB3F52AFA3D13004D47D3 /* Release */,
			);
			defaultConfigurationIsVisible = 0;
			defaultConfigurationName = Release;
		};
		2A3BB3F62AFA3D13004D47D3 /* Build configuration list for PBXNativeTarget "FlashcardTests" */ = {
			isa = XCConfigurationList;
			buildConfigurations = (
				2A3BB3F72AFA3D13004D47D3 /* Debug */,
				2A3BB3F82AFA3D13004D47D3 /* Release */,
			);
			defaultConfigurationIsVisible = 0;
			defaultConfigurationName = Release;
		};
		2A3BB3F92AFA3D13004D47D3 /* Build configuration list for PBXNativeTarget "FlashcardUITests" */ = {
			isa = XCConfigurationList;
			buildConfigurations = (
				2A3BB3FA2AFA3D13004D47D3 /* Debug */,
				2A3BB3FB2AFA3D13004D47D3 /* Release */,
			);
			defaultConfigurationIsVisible = 0;
			defaultConfigurationName = Release;
		};
/* End XCConfigurationList section */
	};
	rootObject = 2A3BB3C62AFA3D12004D47D3 /* Project object */;
}
